
Microsoft Visual Studio Solution File, Format Version 12.00
# Visual Studio 14
VisualStudioVersion = 14.0.25420.1
MinimumVisualStudioVersion = 10.0.40219.1
Project("{F184B08F-C81C-45F6-A57F-5ABD9991F28F}") = "ClickerGameUI", "ClickerGameUI\ClickerGameUI.vbproj", "{AA536627-6E32-4ACE-B664-20B093285A89}"
EndProject
Project("{F2A71F9B-5D33-465A-A702-920D77279786}") = "ClickerGameFunctions", "ClickerGameFunctions\ClickerGameFunctions.fsproj", "{37B47211-21E8-4A28-B84A-7C795DF02A47}"
EndProject
Project("{FAE04EC0-301F-11D3-BF4B-00C04F79EFBC}") = "ClickerGameTests", "ClickerGameTests\ClickerGameTests.csproj", "{B29C33D5-94F8-420D-A99C-E990315DBB71}"
	ProjectSection(ProjectDependencies) = postProject
		{37B47211-21E8-4A28-B84A-7C795DF02A47} = {37B47211-21E8-4A28-B84A-7C795DF02A47}
		{AA536627-6E32-4ACE-B664-20B093285A89} = {AA536627-6E32-4ACE-B664-20B093285A89}
		{D2F67F97-A460-484E-A171-DA6164103858} = {D2F67F97-A460-484E-A171-DA6164103858}
	EndProjectSection
EndProject
Project("{F2A71F9B-5D33-465A-A702-920D77279786}") = "Tutorial1", "Tutorial1\Tutorial1.fsproj", "{EF18003D-5F46-41DA-8375-F3C7A8B20C9A}"
EndProject
Project("{8BC9CEB8-8B4A-11D0-8D11-00A0C91BC942}") = "ClickerGameFramework", "ClickerGameFramework\ClickerGameFramework.vcxproj", "{137C8FE7-9554-45AF-99B2-2432B6C93DC7}"
	ProjectSection(ProjectDependencies) = postProject
		{37B47211-21E8-4A28-B84A-7C795DF02A47} = {37B47211-21E8-4A28-B84A-7C795DF02A47}
	EndProjectSection
EndProject
Project("{FAE04EC0-301F-11D3-BF4B-00C04F79EFBC}") = "ClickerGameWebUI", "ClickerGameWebUI\ClickerGameWebUI.csproj", "{F690DAC8-1E72-44B3-A15D-F1F719EE874B}"
	ProjectSection(ProjectDependencies) = postProject
		{D2F67F97-A460-484E-A171-DA6164103858} = {D2F67F97-A460-484E-A171-DA6164103858}
	EndProjectSection
EndProject
Project("{F184B08F-C81C-45F6-A57F-5ABD9991F28F}") = "ClickerGameLogic", "ClickerGameLogic\ClickerGameLogic.vbproj", "{D2F67F97-A460-484E-A171-DA6164103858}"
EndProject
Global
	GlobalSection(SolutionConfigurationPlatforms) = preSolution
		Debug|Any CPU = Debug|Any CPU
		Debug|x64 = Debug|x64
		Debug|x86 = Debug|x86
		Release|Any CPU = Release|Any CPU
		Release|x64 = Release|x64
		Release|x86 = Release|x86
	EndGlobalSection
	GlobalSection(ProjectConfigurationPlatforms) = postSolution
		{AA536627-6E32-4ACE-B664-20B093285A89}.Debug|Any CPU.ActiveCfg = Debug|Any CPU
		{AA536627-6E32-4ACE-B664-20B093285A89}.Debug|Any CPU.Build.0 = Debug|Any CPU
		{AA536627-6E32-4ACE-B664-20B093285A89}.Debug|x64.ActiveCfg = Debug|Any CPU
		{AA536627-6E32-4ACE-B664-20B093285A89}.Debug|x86.ActiveCfg = Debug|Any CPU
		{AA536627-6E32-4ACE-B664-20B093285A89}.Release|Any CPU.ActiveCfg = Release|Any CPU
		{AA536627-6E32-4ACE-B664-20B093285A89}.Release|Any CPU.Build.0 = Release|Any CPU
		{AA536627-6E32-4ACE-B664-20B093285A89}.Release|x64.ActiveCfg = Release|Any CPU
		{AA536627-6E32-4ACE-B664-20B093285A89}.Release|x86.ActiveCfg = Release|Any CPU
		{37B47211-21E8-4A28-B84A-7C795DF02A47}.Debug|Any CPU.ActiveCfg = Debug|Any CPU
		{37B47211-21E8-4A28-B84A-7C795DF02A47}.Debug|Any CPU.Build.0 = Debug|Any CPU
		{37B47211-21E8-4A28-B84A-7C795DF02A47}.Debug|x64.ActiveCfg = Debug|Any CPU
		{37B47211-21E8-4A28-B84A-7C795DF02A47}.Debug|x64.Build.0 = Debug|Any CPU
		{37B47211-21E8-4A28-B84A-7C795DF02A47}.Debug|x86.ActiveCfg = Debug|Any CPU
		{37B47211-21E8-4A28-B84A-7C795DF02A47}.Debug|x86.Build.0 = Debug|Any CPU
		{37B47211-21E8-4A28-B84A-7C795DF02A47}.Release|Any CPU.ActiveCfg = Release|Any CPU
		{37B47211-21E8-4A28-B84A-7C795DF02A47}.Release|Any CPU.Build.0 = Release|Any CPU
		{37B47211-21E8-4A28-B84A-7C795DF02A47}.Release|x64.ActiveCfg = Release|Any CPU
		{37B47211-21E8-4A28-B84A-7C795DF02A47}.Release|x64.Build.0 = Release|Any CPU
		{37B47211-21E8-4A28-B84A-7C795DF02A47}.Release|x86.ActiveCfg = Release|Any CPU
		{37B47211-21E8-4A28-B84A-7C795DF02A47}.Release|x86.Build.0 = Release|Any CPU
		{B29C33D5-94F8-420D-A99C-E990315DBB71}.Debug|Any CPU.ActiveCfg = Debug|Any CPU
		{B29C33D5-94F8-420D-A99C-E990315DBB71}.Debug|Any CPU.Build.0 = Debug|Any CPU
		{B29C33D5-94F8-420D-A99C-E990315DBB71}.Debug|x64.ActiveCfg = Debug|Any CPU
		{B29C33D5-94F8-420D-A99C-E990315DBB71}.Debug|x64.Build.0 = Debug|Any CPU
		{B29C33D5-94F8-420D-A99C-E990315DBB71}.Debug|x86.ActiveCfg = Debug|Any CPU
		{B29C33D5-94F8-420D-A99C-E990315DBB71}.Debug|x86.Build.0 = Debug|Any CPU
		{B29C33D5-94F8-420D-A99C-E990315DBB71}.Release|Any CPU.ActiveCfg = Release|Any CPU
		{B29C33D5-94F8-420D-A99C-E990315DBB71}.Release|Any CPU.Build.0 = Release|Any CPU
		{B29C33D5-94F8-420D-A99C-E990315DBB71}.Release|x64.ActiveCfg = Release|Any CPU
		{B29C33D5-94F8-420D-A99C-E990315DBB71}.Release|x64.Build.0 = Release|Any CPU
		{B29C33D5-94F8-420D-A99C-E990315DBB71}.Release|x86.ActiveCfg = Release|Any CPU
		{B29C33D5-94F8-420D-A99C-E990315DBB71}.Release|x86.Build.0 = Release|Any CPU
		{EF18003D-5F46-41DA-8375-F3C7A8B20C9A}.Debug|Any CPU.ActiveCfg = Debug|Any CPU
		{EF18003D-5F46-41DA-8375-F3C7A8B20C9A}.Debug|Any CPU.Build.0 = Debug|Any CPU
		{EF18003D-5F46-41DA-8375-F3C7A8B20C9A}.Debug|x64.ActiveCfg = Debug|Any CPU
		{EF18003D-5F46-41DA-8375-F3C7A8B20C9A}.Debug|x64.Build.0 = Debug|Any CPU
		{EF18003D-5F46-41DA-8375-F3C7A8B20C9A}.Debug|x86.ActiveCfg = Debug|Any CPU
		{EF18003D-5F46-41DA-8375-F3C7A8B20C9A}.Debug|x86.Build.0 = Debug|Any CPU
		{EF18003D-5F46-41DA-8375-F3C7A8B20C9A}.Release|Any CPU.ActiveCfg = Release|Any CPU
		{EF18003D-5F46-41DA-8375-F3C7A8B20C9A}.Release|Any CPU.Build.0 = Release|Any CPU
		{EF18003D-5F46-41DA-8375-F3C7A8B20C9A}.Release|x64.ActiveCfg = Release|Any CPU
		{EF18003D-5F46-41DA-8375-F3C7A8B20C9A}.Release|x64.Build.0 = Release|Any CPU
		{EF18003D-5F46-41DA-8375-F3C7A8B20C9A}.Release|x86.ActiveCfg = Release|Any CPU
		{EF18003D-5F46-41DA-8375-F3C7A8B20C9A}.Release|x86.Build.0 = Release|Any CPU
		{137C8FE7-9554-45AF-99B2-2432B6C93DC7}.Debug|Any CPU.ActiveCfg = Debug|Win32
		{137C8FE7-9554-45AF-99B2-2432B6C93DC7}.Debug|Any CPU.Build.0 = Debug|Win32
		{137C8FE7-9554-45AF-99B2-2432B6C93DC7}.Debug|x64.ActiveCfg = Debug|x64
		{137C8FE7-9554-45AF-99B2-2432B6C93DC7}.Debug|x64.Build.0 = Debug|x64
		{137C8FE7-9554-45AF-99B2-2432B6C93DC7}.Debug|x86.ActiveCfg = Debug|Win32
		{137C8FE7-9554-45AF-99B2-2432B6C93DC7}.Debug|x86.Build.0 = Debug|Win32
		{137C8FE7-9554-45AF-99B2-2432B6C93DC7}.Release|Any CPU.ActiveCfg = Release|Win32
		{137C8FE7-9554-45AF-99B2-2432B6C93DC7}.Release|x64.ActiveCfg = Release|x64
		{137C8FE7-9554-45AF-99B2-2432B6C93DC7}.Release|x64.Build.0 = Release|x64
		{137C8FE7-9554-45AF-99B2-2432B6C93DC7}.Release|x86.ActiveCfg = Release|Win32
		{137C8FE7-9554-45AF-99B2-2432B6C93DC7}.Release|x86.Build.0 = Release|Win32
		{F690DAC8-1E72-44B3-A15D-F1F719EE874B}.Debug|Any CPU.ActiveCfg = Debug|Any CPU
		{F690DAC8-1E72-44B3-A15D-F1F719EE874B}.Debug|Any CPU.Build.0 = Debug|Any CPU
		{F690DAC8-1E72-44B3-A15D-F1F719EE874B}.Debug|x64.ActiveCfg = Debug|Any CPU
		{F690DAC8-1E72-44B3-A15D-F1F719EE874B}.Debug|x64.Build.0 = Debug|Any CPU
		{F690DAC8-1E72-44B3-A15D-F1F719EE874B}.Debug|x86.ActiveCfg = Debug|Any CPU
		{F690DAC8-1E72-44B3-A15D-F1F719EE874B}.Debug|x86.Build.0 = Debug|Any CPU
		{F690DAC8-1E72-44B3-A15D-F1F719EE874B}.Release|Any CPU.ActiveCfg = Release|Any CPU
		{F690DAC8-1E72-44B3-A15D-F1F719EE874B}.Release|Any CPU.Build.0 = Release|Any CPU
		{F690DAC8-1E72-44B3-A15D-F1F719EE874B}.Release|x64.ActiveCfg = Release|Any CPU
		{F690DAC8-1E72-44B3-A15D-F1F719EE874B}.Release|x64.Build.0 = Release|Any CPU
		{F690DAC8-1E72-44B3-A15D-F1F719EE874B}.Release|x86.ActiveCfg = Release|Any CPU
		{F690DAC8-1E72-44B3-A15D-F1F719EE874B}.Release|x86.Build.0 = Release|Any CPU
		{D2F67F97-A460-484E-A171-DA6164103858}.Debug|Any CPU.ActiveCfg = Debug|Any CPU
		{D2F67F97-A460-484E-A171-DA6164103858}.Debug|Any CPU.Build.0 = Debug|Any CPU
		{D2F67F97-A460-484E-A171-DA6164103858}.Debug|x64.ActiveCfg = Debug|Any CPU
		{D2F67F97-A460-484E-A171-DA6164103858}.Debug|x64.Build.0 = Debug|Any CPU
		{D2F67F97-A460-484E-A171-DA6164103858}.Debug|x86.ActiveCfg = Debug|Any CPU
		{D2F67F97-A460-484E-A171-DA6164103858}.Debug|x86.Build.0 = Debug|Any CPU
		{D2F67F97-A460-484E-A171-DA6164103858}.Release|Any CPU.ActiveCfg = Release|Any CPU
		{D2F67F97-A460-484E-A171-DA6164103858}.Release|Any CPU.Build.0 = Release|Any CPU
		{D2F67F97-A460-484E-A171-DA6164103858}.Release|x64.ActiveCfg = Release|Any CPU
		{D2F67F97-A460-484E-A171-DA6164103858}.Release|x64.Build.0 = Release|Any CPU
		{D2F67F97-A460-484E-A171-DA6164103858}.Release|x86.ActiveCfg = Release|Any CPU
		{D2F67F97-A460-484E-A171-DA6164103858}.Release|x86.Build.0 = Release|Any CPU
	EndGlobalSection
	GlobalSection(SolutionProperties) = preSolution
		HideSolutionNode = FALSE
	EndGlobalSection
EndGlobal
