
Microsoft Visual Studio Solution File, Format Version 12.00
# Visual Studio Version 16
VisualStudioVersion = 16.0.31402.337
MinimumVisualStudioVersion = 10.0.40219.1
Project("{FAE04EC0-301F-11D3-BF4B-00C04F79EFBC}") = "CLI_Tool", "CLI_Tool.csproj", "{A3BB5571-48C7-4C28-8F6F-570F188370A8}"
EndProject
Project("{FAE04EC0-301F-11D3-BF4B-00C04F79EFBC}") = "CLI_Tool_Tests", "CLI_Tool_Tests\CLI_Tool_Tests.csproj", "{7A394C16-9222-41D5-99B9-E92C3D505EE2}"
	ProjectSection(ProjectDependencies) = postProject
		{A3BB5571-48C7-4C28-8F6F-570F188370A8} = {A3BB5571-48C7-4C28-8F6F-570F188370A8}
	EndProjectSection
EndProject
Project("{FAE04EC0-301F-11D3-BF4B-00C04F79EFBC}") = "CLI_Tool_Exe", "CLI_Tool_Exe\CLI_Tool_Exe.csproj", "{A81C728B-E647-4D5B-8C56-107A790D39E5}"
	ProjectSection(ProjectDependencies) = postProject
		{A3BB5571-48C7-4C28-8F6F-570F188370A8} = {A3BB5571-48C7-4C28-8F6F-570F188370A8}
	EndProjectSection
EndProject
Global
	GlobalSection(SolutionConfigurationPlatforms) = preSolution
		Debug|Any CPU = Debug|Any CPU
		Release|Any CPU = Release|Any CPU
	EndGlobalSection
	GlobalSection(ProjectConfigurationPlatforms) = postSolution
		{A3BB5571-48C7-4C28-8F6F-570F188370A8}.Debug|Any CPU.ActiveCfg = Debug|Any CPU
		{A3BB5571-48C7-4C28-8F6F-570F188370A8}.Debug|Any CPU.Build.0 = Debug|Any CPU
		{A3BB5571-48C7-4C28-8F6F-570F188370A8}.Release|Any CPU.ActiveCfg = Release|Any CPU
		{A3BB5571-48C7-4C28-8F6F-570F188370A8}.Release|Any CPU.Build.0 = Release|Any CPU
		{7A394C16-9222-41D5-99B9-E92C3D505EE2}.Debug|Any CPU.ActiveCfg = Debug|Any CPU
		{7A394C16-9222-41D5-99B9-E92C3D505EE2}.Debug|Any CPU.Build.0 = Debug|Any CPU
		{7A394C16-9222-41D5-99B9-E92C3D505EE2}.Release|Any CPU.ActiveCfg = Release|Any CPU
		{7A394C16-9222-41D5-99B9-E92C3D505EE2}.Release|Any CPU.Build.0 = Release|Any CPU
		{A81C728B-E647-4D5B-8C56-107A790D39E5}.Debug|Any CPU.ActiveCfg = Debug|Any CPU
		{A81C728B-E647-4D5B-8C56-107A790D39E5}.Debug|Any CPU.Build.0 = Debug|Any CPU
		{A81C728B-E647-4D5B-8C56-107A790D39E5}.Release|Any CPU.ActiveCfg = Release|Any CPU
		{A81C728B-E647-4D5B-8C56-107A790D39E5}.Release|Any CPU.Build.0 = Release|Any CPU
	EndGlobalSection
	GlobalSection(SolutionProperties) = preSolution
		HideSolutionNode = FALSE
	EndGlobalSection
	GlobalSection(ExtensibilityGlobals) = postSolution
		SolutionGuid = {8F9F5CAF-8964-4498-B7C9-B51C9AC1D70D}
	EndGlobalSection
EndGlobal
